
Microsoft Visual Studio Solution File, Format Version 12.00
# Visual Studio 15
VisualStudioVersion = 15.0.27428.2005
MinimumVisualStudioVersion = 10.0.40219.1
Project("{E24C65DC-7377-472B-9ABA-BC803B73C61A}") = "WebForms2", "WebForms2\", "{81489E28-CC8A-477E-B01F-F605A46C0E9D}"
	ProjectSection(WebsiteProperties) = preProject
		TargetFrameworkMoniker = ".NETFramework,Version%3Dv4.6.1"
		Debug.AspNetCompiler.VirtualPath = "/localhost_6148"
		Debug.AspNetCompiler.PhysicalPath = "WebForms2\"
		Debug.AspNetCompiler.TargetPath = "PrecompiledWeb\localhost_6148\"
		Debug.AspNetCompiler.Updateable = "true"
		Debug.AspNetCompiler.ForceOverwrite = "true"
		Debug.AspNetCompiler.FixedNames = "false"
		Debug.AspNetCompiler.Debug = "True"
		Release.AspNetCompiler.VirtualPath = "/localhost_6148"
		Release.AspNetCompiler.PhysicalPath = "WebForms2\"
		Release.AspNetCompiler.TargetPath = "PrecompiledWeb\localhost_6148\"
		Release.AspNetCompiler.Updateable = "true"
		Release.AspNetCompiler.ForceOverwrite = "true"
		Release.AspNetCompiler.FixedNames = "false"
		Release.AspNetCompiler.Debug = "False"
		VWDPort = "6148"
		SlnRelativePath = "WebForms2\"
		DefaultWebSiteLanguage = "Visual C#"
	EndProjectSection
EndProject
Global
	GlobalSection(SolutionConfigurationPlatforms) = preSolution
		Debug|Any CPU = Debug|Any CPU
	EndGlobalSection
	GlobalSection(ProjectConfigurationPlatforms) = postSolution
		{81489E28-CC8A-477E-B01F-F605A46C0E9D}.Debug|Any CPU.ActiveCfg = Debug|Any CPU
		{81489E28-CC8A-477E-B01F-F605A46C0E9D}.Debug|Any CPU.Build.0 = Debug|Any CPU
	EndGlobalSection
	GlobalSection(SolutionProperties) = preSolution
		HideSolutionNode = FALSE
	EndGlobalSection
	GlobalSection(ExtensibilityGlobals) = postSolution
		SolutionGuid = {AED4DA0F-62AD-4B9A-A1B6-41C35545F961}
	EndGlobalSection
EndGlobal
